// !$*UTF8*$!
{
	archiveVersion = 1;
	classes = {
	};
	objectVersion = 50;
	objects = {

/* Begin PBXBuildFile section */
		5C5CDE6B22751FB4008F7B29 /* DateFormatter.swift in Sources */ = {isa = PBXBuildFile; fileRef = 5C5CDE6A22751FB4008F7B29 /* DateFormatter.swift */; };
		5C5CDE6C22751FB4008F7B29 /* DateFormatter.swift in Sources */ = {isa = PBXBuildFile; fileRef = 5C5CDE6A22751FB4008F7B29 /* DateFormatter.swift */; };
		5C5F25BC228828BC0000EBCB /* Decoder.swift in Sources */ = {isa = PBXBuildFile; fileRef = 5C5F25BB228828BC0000EBCB /* Decoder.swift */; };
		5C5F25BD228828BC0000EBCB /* Decoder.swift in Sources */ = {isa = PBXBuildFile; fileRef = 5C5F25BB228828BC0000EBCB /* Decoder.swift */; };
		5C5F25BF22882BD80000EBCB /* Attachment.swift in Sources */ = {isa = PBXBuildFile; fileRef = 5C5F25BE22882BD80000EBCB /* Attachment.swift */; };
		5C5F25C022882BD80000EBCB /* Attachment.swift in Sources */ = {isa = PBXBuildFile; fileRef = 5C5F25BE22882BD80000EBCB /* Attachment.swift */; };
		5C5F25C2228890CE0000EBCB /* Encoder.swift in Sources */ = {isa = PBXBuildFile; fileRef = 5C5F25C1228890CE0000EBCB /* Encoder.swift */; };
		5C5F25C3228890CE0000EBCB /* Encoder.swift in Sources */ = {isa = PBXBuildFile; fileRef = 5C5F25C1228890CE0000EBCB /* Encoder.swift */; };
		5C677AB02258267A00ABC8ED /* main.swift in Sources */ = {isa = PBXBuildFile; fileRef = 5C677AAF2258267A00ABC8ED /* main.swift */; };
		5C9018C12258E04B00FBFCD7 /* Index.swift in Sources */ = {isa = PBXBuildFile; fileRef = 5C9018C02258E04B00FBFCD7 /* Index.swift */; };
		5C9018C22258E04B00FBFCD7 /* Index.swift in Sources */ = {isa = PBXBuildFile; fileRef = 5C9018C02258E04B00FBFCD7 /* Index.swift */; };
		5C9018C42258E2F600FBFCD7 /* Asset.swift in Sources */ = {isa = PBXBuildFile; fileRef = 5C9018C32258E2F600FBFCD7 /* Asset.swift */; };
		5C9018C52258E2F600FBFCD7 /* Asset.swift in Sources */ = {isa = PBXBuildFile; fileRef = 5C9018C32258E2F600FBFCD7 /* Asset.swift */; };
		5C9018D3225A3B8100FBFCD7 /* Chapter.swift in Sources */ = {isa = PBXBuildFile; fileRef = 5C9018D2225A3B8100FBFCD7 /* Chapter.swift */; };
		5C9018D4225A3B8100FBFCD7 /* Chapter.swift in Sources */ = {isa = PBXBuildFile; fileRef = 5C9018D2225A3B8100FBFCD7 /* Chapter.swift */; };
		5C9018DF225A5FC700FBFCD7 /* Resource.swift in Sources */ = {isa = PBXBuildFile; fileRef = 5C9018DE225A5FC700FBFCD7 /* Resource.swift */; };
		5C9018E0225A5FC700FBFCD7 /* Resource.swift in Sources */ = {isa = PBXBuildFile; fileRef = 5C9018DE225A5FC700FBFCD7 /* Resource.swift */; };
		5CBFEE6122875C8A00034099 /* Author.swift in Sources */ = {isa = PBXBuildFile; fileRef = 5CBFEE6022875C8A00034099 /* Author.swift */; };
		5CBFEE6222875C8A00034099 /* Author.swift in Sources */ = {isa = PBXBuildFile; fileRef = 5CBFEE6022875C8A00034099 /* Author.swift */; };
		5CBFEE642287B6F800034099 /* Item.swift in Sources */ = {isa = PBXBuildFile; fileRef = 5CBFEE632287B6F800034099 /* Item.swift */; };
		5CBFEE652287B6F800034099 /* Item.swift in Sources */ = {isa = PBXBuildFile; fileRef = 5CBFEE632287B6F800034099 /* Item.swift */; };
		5CD2E2E4225C2C9900A29FC8 /* TimeInterval.swift in Sources */ = {isa = PBXBuildFile; fileRef = 5CD2E2E3225C2C9900A29FC8 /* TimeInterval.swift */; };
		5CD2E2E5225C2C9900A29FC8 /* TimeInterval.swift in Sources */ = {isa = PBXBuildFile; fileRef = 5CD2E2E3225C2C9900A29FC8 /* TimeInterval.swift */; };
		5CD5278E22890F62000ADBDF /* RSS.swift in Sources */ = {isa = PBXBuildFile; fileRef = 5C9018D5225A5DDC00FBFCD7 /* RSS.swift */; };
		5CD5278F22890F63000ADBDF /* RSS.swift in Sources */ = {isa = PBXBuildFile; fileRef = 5C9018D5225A5DDC00FBFCD7 /* RSS.swift */; };
		5CD5279022897A3E000ADBDF /* HTML.swift in Sources */ = {isa = PBXBuildFile; fileRef = 5C9018D8225A5DEA00FBFCD7 /* HTML.swift */; };
		5CD5279122897A3F000ADBDF /* HTML.swift in Sources */ = {isa = PBXBuildFile; fileRef = 5C9018D8225A5DEA00FBFCD7 /* HTML.swift */; };
/* End PBXBuildFile section */

/* Begin PBXCopyFilesBuildPhase section */
		5C677AA6225825FD00ABC8ED /* CopyFiles */ = {
			isa = PBXCopyFilesBuildPhase;
			buildActionMask = 2147483647;
			dstPath = /usr/share/man/man1/;
			dstSubfolderSpec = 0;
			files = (
			);
			runOnlyForDeploymentPostprocessing = 1;
		};
/* End PBXCopyFilesBuildPhase section */

/* Begin PBXFileReference section */
		5C5CDE6A22751FB4008F7B29 /* DateFormatter.swift */ = {isa = PBXFileReference; lastKnownFileType = sourcecode.swift; path = DateFormatter.swift; sourceTree = "<group>"; };
		5C5F25BB228828BC0000EBCB /* Decoder.swift */ = {isa = PBXFileReference; lastKnownFileType = sourcecode.swift; path = Decoder.swift; sourceTree = "<group>"; };
		5C5F25BE22882BD80000EBCB /* Attachment.swift */ = {isa = PBXFileReference; lastKnownFileType = sourcecode.swift; path = Attachment.swift; sourceTree = "<group>"; };
		5C5F25C1228890CE0000EBCB /* Encoder.swift */ = {isa = PBXFileReference; lastKnownFileType = sourcecode.swift; path = Encoder.swift; sourceTree = "<group>"; };
		5C677A9D225825B300ABC8ED /* Info.plist */ = {isa = PBXFileReference; lastKnownFileType = text.plist.xml; path = Info.plist; sourceTree = "<group>"; };
		5C677AAF2258267A00ABC8ED /* main.swift */ = {isa = PBXFileReference; fileEncoding = 4; lastKnownFileType = sourcecode.swift; path = main.swift; sourceTree = "<group>"; };
		5C9018BE225826AE00FBFCD7 /* mixtapes */ = {isa = PBXFileReference; explicitFileType = "compiled.mach-o.executable"; includeInIndex = 0; path = mixtapes; sourceTree = BUILT_PRODUCTS_DIR; };
		5C9018BF225826AE00FBFCD7 /* Mixtapes.framework */ = {isa = PBXFileReference; explicitFileType = wrapper.framework; includeInIndex = 0; path = Mixtapes.framework; sourceTree = BUILT_PRODUCTS_DIR; };
		5C9018C02258E04B00FBFCD7 /* Index.swift */ = {isa = PBXFileReference; lastKnownFileType = sourcecode.swift; path = Index.swift; sourceTree = "<group>"; };
		5C9018C32258E2F600FBFCD7 /* Asset.swift */ = {isa = PBXFileReference; lastKnownFileType = sourcecode.swift; path = Asset.swift; sourceTree = "<group>"; };
		5C9018D2225A3B8100FBFCD7 /* Chapter.swift */ = {isa = PBXFileReference; lastKnownFileType = sourcecode.swift; path = Chapter.swift; sourceTree = "<group>"; };
		5C9018D5225A5DDC00FBFCD7 /* RSS.swift */ = {isa = PBXFileReference; lastKnownFileType = sourcecode.swift; path = RSS.swift; sourceTree = "<group>"; };
		5C9018D8225A5DEA00FBFCD7 /* HTML.swift */ = {isa = PBXFileReference; lastKnownFileType = sourcecode.swift; path = HTML.swift; sourceTree = "<group>"; };
		5C9018DE225A5FC700FBFCD7 /* Resource.swift */ = {isa = PBXFileReference; lastKnownFileType = sourcecode.swift; path = Resource.swift; sourceTree = "<group>"; };
		5CBC05F12261006000DD8A4B /* README.md */ = {isa = PBXFileReference; lastKnownFileType = net.daringfireball.markdown; path = README.md; sourceTree = "<group>"; };
		5CBFEE6022875C8A00034099 /* Author.swift */ = {isa = PBXFileReference; lastKnownFileType = sourcecode.swift; path = Author.swift; sourceTree = "<group>"; };
		5CBFEE632287B6F800034099 /* Item.swift */ = {isa = PBXFileReference; lastKnownFileType = sourcecode.swift; path = Item.swift; sourceTree = "<group>"; };
		5CD2E2E3225C2C9900A29FC8 /* TimeInterval.swift */ = {isa = PBXFileReference; lastKnownFileType = sourcecode.swift; path = TimeInterval.swift; sourceTree = "<group>"; };
/* End PBXFileReference section */

/* Begin PBXFrameworksBuildPhase section */
		5C677A96225825B300ABC8ED /* Frameworks */ = {
			isa = PBXFrameworksBuildPhase;
			buildActionMask = 2147483647;
			files = (
			);
			runOnlyForDeploymentPostprocessing = 0;
		};
		5C677AA5225825FD00ABC8ED /* Frameworks */ = {
			isa = PBXFrameworksBuildPhase;
			buildActionMask = 2147483647;
			files = (
			);
			runOnlyForDeploymentPostprocessing = 0;
		};
/* End PBXFrameworksBuildPhase section */

/* Begin PBXGroup section */
		5C677A8F225825B300ABC8ED = {
			isa = PBXGroup;
			children = (
				5C677A9B225825B300ABC8ED /* Mixtapes */,
				5C9018BF225826AE00FBFCD7 /* Mixtapes.framework */,
				5C9018BE225826AE00FBFCD7 /* mixtapes */,
				5CBC05F12261006000DD8A4B /* README.md */,
			);
			sourceTree = "<group>";
		};
		5C677A9B225825B300ABC8ED /* Mixtapes */ = {
			isa = PBXGroup;
			children = (
				5C9018C32258E2F600FBFCD7 /* Asset.swift */,
				5C5F25BE22882BD80000EBCB /* Attachment.swift */,
				5CBFEE6022875C8A00034099 /* Author.swift */,
				5C9018D2225A3B8100FBFCD7 /* Chapter.swift */,
				5C5CDE6A22751FB4008F7B29 /* DateFormatter.swift */,
				5C5F25BB228828BC0000EBCB /* Decoder.swift */,
				5C5F25C1228890CE0000EBCB /* Encoder.swift */,
				5C9018D8225A5DEA00FBFCD7 /* HTML.swift */,
				5C9018C02258E04B00FBFCD7 /* Index.swift */,
				5CBFEE632287B6F800034099 /* Item.swift */,
				5C9018DE225A5FC700FBFCD7 /* Resource.swift */,
				5C9018D5225A5DDC00FBFCD7 /* RSS.swift */,
				5CD2E2E3225C2C9900A29FC8 /* TimeInterval.swift */,
				5C677AAF2258267A00ABC8ED /* main.swift */,
				5C677A9D225825B300ABC8ED /* Info.plist */,
			);
			path = Mixtapes;
			sourceTree = "<group>";
		};
/* End PBXGroup section */

/* Begin PBXHeadersBuildPhase section */
		5C677A94225825B300ABC8ED /* Headers */ = {
			isa = PBXHeadersBuildPhase;
			buildActionMask = 2147483647;
			files = (
			);
			runOnlyForDeploymentPostprocessing = 0;
		};
/* End PBXHeadersBuildPhase section */

/* Begin PBXNativeTarget section */
		5C677A98225825B300ABC8ED /* Mixtapes */ = {
			isa = PBXNativeTarget;
			buildConfigurationList = 5C677AA1225825B300ABC8ED /* Build configuration list for PBXNativeTarget "Mixtapes" */;
			buildPhases = (
				5C677A94225825B300ABC8ED /* Headers */,
				5C677A95225825B300ABC8ED /* Sources */,
				5C677A96225825B300ABC8ED /* Frameworks */,
				5C677A97225825B300ABC8ED /* Resources */,
			);
			buildRules = (
			);
			dependencies = (
			);
			name = Mixtapes;
			productName = Mixtapes;
			productReference = 5C9018BF225826AE00FBFCD7 /* Mixtapes.framework */;
			productType = "com.apple.product-type.framework";
		};
		5C677AA7225825FD00ABC8ED /* mixtapes */ = {
			isa = PBXNativeTarget;
			buildConfigurationList = 5C677AAC225825FE00ABC8ED /* Build configuration list for PBXNativeTarget "mixtapes" */;
			buildPhases = (
				5C677AA4225825FD00ABC8ED /* Sources */,
				5C677AA5225825FD00ABC8ED /* Frameworks */,
				5C677AA6225825FD00ABC8ED /* CopyFiles */,
			);
			buildRules = (
			);
			dependencies = (
			);
			name = mixtapes;
			productName = MixtapesCLI;
			productReference = 5C9018BE225826AE00FBFCD7 /* mixtapes */;
			productType = "com.apple.product-type.tool";
		};
/* End PBXNativeTarget section */

/* Begin PBXProject section */
		5C677A90225825B300ABC8ED /* Project object */ = {
			isa = PBXProject;
			attributes = {
				LastSwiftUpdateCheck = 1020;
				LastUpgradeCheck = 1020;
				ORGANIZATIONNAME = toddheasley;
				TargetAttributes = {
					5C677A98225825B300ABC8ED = {
						CreatedOnToolsVersion = 10.2;
						LastSwiftMigration = 1020;
					};
					5C677AA7225825FD00ABC8ED = {
						CreatedOnToolsVersion = 10.2;
						LastSwiftMigration = 1020;
					};
				};
			};
			buildConfigurationList = 5C677A93225825B300ABC8ED /* Build configuration list for PBXProject "Mixtapes" */;
			compatibilityVersion = "Xcode 9.3";
			developmentRegion = en;
			hasScannedForEncodings = 0;
			knownRegions = (
				en,
			);
			mainGroup = 5C677A8F225825B300ABC8ED;
			productRefGroup = 5C677A8F225825B300ABC8ED;
			projectDirPath = "";
			projectRoot = "";
			targets = (
				5C677A98225825B300ABC8ED /* Mixtapes */,
				5C677AA7225825FD00ABC8ED /* mixtapes */,
			);
		};
/* End PBXProject section */

/* Begin PBXResourcesBuildPhase section */
		5C677A97225825B300ABC8ED /* Resources */ = {
			isa = PBXResourcesBuildPhase;
			buildActionMask = 2147483647;
			files = (
			);
			runOnlyForDeploymentPostprocessing = 0;
		};
/* End PBXResourcesBuildPhase section */

/* Begin PBXSourcesBuildPhase section */
		5C677A95225825B300ABC8ED /* Sources */ = {
			isa = PBXSourcesBuildPhase;
			buildActionMask = 2147483647;
			files = (
				5CD5278E22890F62000ADBDF /* RSS.swift in Sources */,
				5CD2E2E4225C2C9900A29FC8 /* TimeInterval.swift in Sources */,
				5C9018DF225A5FC700FBFCD7 /* Resource.swift in Sources */,
				5C5CDE6B22751FB4008F7B29 /* DateFormatter.swift in Sources */,
				5C9018C42258E2F600FBFCD7 /* Asset.swift in Sources */,
				5C5F25BF22882BD80000EBCB /* Attachment.swift in Sources */,
				5C5F25BC228828BC0000EBCB /* Decoder.swift in Sources */,
				5CBFEE642287B6F800034099 /* Item.swift in Sources */,
				5C9018C12258E04B00FBFCD7 /* Index.swift in Sources */,
				5CBFEE6122875C8A00034099 /* Author.swift in Sources */,
				5CD5279022897A3E000ADBDF /* HTML.swift in Sources */,
				5C5F25C2228890CE0000EBCB /* Encoder.swift in Sources */,
				5C9018D3225A3B8100FBFCD7 /* Chapter.swift in Sources */,
			);
			runOnlyForDeploymentPostprocessing = 0;
		};
		5C677AA4225825FD00ABC8ED /* Sources */ = {
			isa = PBXSourcesBuildPhase;
			buildActionMask = 2147483647;
			files = (
				5C9018E0225A5FC700FBFCD7 /* Resource.swift in Sources */,
				5CBFEE652287B6F800034099 /* Item.swift in Sources */,
				5CD5279122897A3F000ADBDF /* HTML.swift in Sources */,
				5CD2E2E5225C2C9900A29FC8 /* TimeInterval.swift in Sources */,
				5C9018C52258E2F600FBFCD7 /* Asset.swift in Sources */,
				5CD5278F22890F63000ADBDF /* RSS.swift in Sources */,
				5C5F25C022882BD80000EBCB /* Attachment.swift in Sources */,
				5C5CDE6C22751FB4008F7B29 /* DateFormatter.swift in Sources */,
				5CBFEE6222875C8A00034099 /* Author.swift in Sources */,
				5C9018D4225A3B8100FBFCD7 /* Chapter.swift in Sources */,
				5C5F25C3228890CE0000EBCB /* Encoder.swift in Sources */,
				5C9018C22258E04B00FBFCD7 /* Index.swift in Sources */,
				5C5F25BD228828BC0000EBCB /* Decoder.swift in Sources */,
				5C677AB02258267A00ABC8ED /* main.swift in Sources */,
			);
			runOnlyForDeploymentPostprocessing = 0;
		};
/* End PBXSourcesBuildPhase section */

/* Begin XCBuildConfiguration section */
		5C677A9F225825B300ABC8ED /* Debug */ = {
			isa = XCBuildConfiguration;
			buildSettings = {
				ALWAYS_SEARCH_USER_PATHS = NO;
				CLANG_ANALYZER_NONNULL = YES;
				CLANG_ANALYZER_NUMBER_OBJECT_CONVERSION = YES_AGGRESSIVE;
				CLANG_CXX_LANGUAGE_STANDARD = "gnu++14";
				CLANG_CXX_LIBRARY = "libc++";
				CLANG_ENABLE_MODULES = YES;
				CLANG_ENABLE_OBJC_ARC = YES;
				CLANG_ENABLE_OBJC_WEAK = YES;
				CLANG_WARN_BLOCK_CAPTURE_AUTORELEASING = YES;
				CLANG_WARN_BOOL_CONVERSION = YES;
				CLANG_WARN_COMMA = YES;
				CLANG_WARN_CONSTANT_CONVERSION = YES;
				CLANG_WARN_DEPRECATED_OBJC_IMPLEMENTATIONS = YES;
				CLANG_WARN_DIRECT_OBJC_ISA_USAGE = YES_ERROR;
				CLANG_WARN_DOCUMENTATION_COMMENTS = YES;
				CLANG_WARN_EMPTY_BODY = YES;
				CLANG_WARN_ENUM_CONVERSION = YES;
				CLANG_WARN_INFINITE_RECURSION = YES;
				CLANG_WARN_INT_CONVERSION = YES;
				CLANG_WARN_NON_LITERAL_NULL_CONVERSION = YES;
				CLANG_WARN_OBJC_IMPLICIT_RETAIN_SELF = YES;
				CLANG_WARN_OBJC_LITERAL_CONVERSION = YES;
				CLANG_WARN_OBJC_ROOT_CLASS = YES_ERROR;
				CLANG_WARN_RANGE_LOOP_ANALYSIS = YES;
				CLANG_WARN_STRICT_PROTOTYPES = YES;
				CLANG_WARN_SUSPICIOUS_MOVE = YES;
				CLANG_WARN_UNGUARDED_AVAILABILITY = YES_AGGRESSIVE;
				CLANG_WARN_UNREACHABLE_CODE = YES;
				CLANG_WARN__DUPLICATE_METHOD_MATCH = YES;
				CODE_SIGN_IDENTITY = "Mac Developer";
				COPY_PHASE_STRIP = NO;
				CURRENT_PROJECT_VERSION = 1;
				DEBUG_INFORMATION_FORMAT = dwarf;
				ENABLE_STRICT_OBJC_MSGSEND = YES;
				ENABLE_TESTABILITY = YES;
				GCC_C_LANGUAGE_STANDARD = gnu11;
				GCC_DYNAMIC_NO_PIC = NO;
				GCC_NO_COMMON_BLOCKS = YES;
				GCC_OPTIMIZATION_LEVEL = 0;
				GCC_PREPROCESSOR_DEFINITIONS = (
					"DEBUG=1",
					"$(inherited)",
				);
				GCC_WARN_64_TO_32_BIT_CONVERSION = YES;
				GCC_WARN_ABOUT_RETURN_TYPE = YES_ERROR;
				GCC_WARN_UNDECLARED_SELECTOR = YES;
				GCC_WARN_UNINITIALIZED_AUTOS = YES_AGGRESSIVE;
				GCC_WARN_UNUSED_FUNCTION = YES;
				GCC_WARN_UNUSED_VARIABLE = YES;
				MACOSX_DEPLOYMENT_TARGET = 10.14;
				MTL_ENABLE_DEBUG_INFO = INCLUDE_SOURCE;
				MTL_FAST_MATH = YES;
				ONLY_ACTIVE_ARCH = YES;
				SDKROOT = macosx;
				SWIFT_ACTIVE_COMPILATION_CONDITIONS = DEBUG;
				SWIFT_OPTIMIZATION_LEVEL = "-Onone";
				VERSIONING_SYSTEM = "apple-generic";
				VERSION_INFO_PREFIX = "";
			};
			name = Debug;
		};
		5C677AA0225825B300ABC8ED /* Release */ = {
			isa = XCBuildConfiguration;
			buildSettings = {
				ALWAYS_SEARCH_USER_PATHS = NO;
				CLANG_ANALYZER_NONNULL = YES;
				CLANG_ANALYZER_NUMBER_OBJECT_CONVERSION = YES_AGGRESSIVE;
				CLANG_CXX_LANGUAGE_STANDARD = "gnu++14";
				CLANG_CXX_LIBRARY = "libc++";
				CLANG_ENABLE_MODULES = YES;
				CLANG_ENABLE_OBJC_ARC = YES;
				CLANG_ENABLE_OBJC_WEAK = YES;
				CLANG_WARN_BLOCK_CAPTURE_AUTORELEASING = YES;
				CLANG_WARN_BOOL_CONVERSION = YES;
				CLANG_WARN_COMMA = YES;
				CLANG_WARN_CONSTANT_CONVERSION = YES;
				CLANG_WARN_DEPRECATED_OBJC_IMPLEMENTATIONS = YES;
				CLANG_WARN_DIRECT_OBJC_ISA_USAGE = YES_ERROR;
				CLANG_WARN_DOCUMENTATION_COMMENTS = YES;
				CLANG_WARN_EMPTY_BODY = YES;
				CLANG_WARN_ENUM_CONVERSION = YES;
				CLANG_WARN_INFINITE_RECURSION = YES;
				CLANG_WARN_INT_CONVERSION = YES;
				CLANG_WARN_NON_LITERAL_NULL_CONVERSION = YES;
				CLANG_WARN_OBJC_IMPLICIT_RETAIN_SELF = YES;
				CLANG_WARN_OBJC_LITERAL_CONVERSION = YES;
				CLANG_WARN_OBJC_ROOT_CLASS = YES_ERROR;
				CLANG_WARN_RANGE_LOOP_ANALYSIS = YES;
				CLANG_WARN_STRICT_PROTOTYPES = YES;
				CLANG_WARN_SUSPICIOUS_MOVE = YES;
				CLANG_WARN_UNGUARDED_AVAILABILITY = YES_AGGRESSIVE;
				CLANG_WARN_UNREACHABLE_CODE = YES;
				CLANG_WARN__DUPLICATE_METHOD_MATCH = YES;
				CODE_SIGN_IDENTITY = "Mac Developer";
				COPY_PHASE_STRIP = NO;
				CURRENT_PROJECT_VERSION = 1;
				DEBUG_INFORMATION_FORMAT = "dwarf-with-dsym";
				ENABLE_NS_ASSERTIONS = NO;
				ENABLE_STRICT_OBJC_MSGSEND = YES;
				GCC_C_LANGUAGE_STANDARD = gnu11;
				GCC_NO_COMMON_BLOCKS = YES;
				GCC_WARN_64_TO_32_BIT_CONVERSION = YES;
				GCC_WARN_ABOUT_RETURN_TYPE = YES_ERROR;
				GCC_WARN_UNDECLARED_SELECTOR = YES;
				GCC_WARN_UNINITIALIZED_AUTOS = YES_AGGRESSIVE;
				GCC_WARN_UNUSED_FUNCTION = YES;
				GCC_WARN_UNUSED_VARIABLE = YES;
				MACOSX_DEPLOYMENT_TARGET = 10.14;
				MTL_ENABLE_DEBUG_INFO = NO;
				MTL_FAST_MATH = YES;
				SDKROOT = macosx;
				SWIFT_COMPILATION_MODE = wholemodule;
				SWIFT_OPTIMIZATION_LEVEL = "-O";
				VERSIONING_SYSTEM = "apple-generic";
				VERSION_INFO_PREFIX = "";
			};
			name = Release;
		};
		5C677AA2225825B300ABC8ED /* Debug */ = {
			isa = XCBuildConfiguration;
			buildSettings = {
				CLANG_ENABLE_MODULES = YES;
				CODE_SIGN_IDENTITY = "";
				CODE_SIGN_STYLE = Automatic;
				COMBINE_HIDPI_IMAGES = YES;
				CURRENT_PROJECT_VERSION = "$(inherited)";
				DEFINES_MODULE = YES;
				DEVELOPMENT_TEAM = 9Q3DL72K7D;
				DYLIB_COMPATIBILITY_VERSION = 1;
				DYLIB_CURRENT_VERSION = 1;
				DYLIB_INSTALL_NAME_BASE = "@rpath";
				FRAMEWORK_VERSION = A;
				INFOPLIST_FILE = Mixtapes/Info.plist;
				INSTALL_PATH = "$(LOCAL_LIBRARY_DIR)/Frameworks";
				LD_RUNPATH_SEARCH_PATHS = (
					"$(inherited)",
					"@executable_path/../Frameworks",
					"@loader_path/Frameworks",
				);
				PRODUCT_BUNDLE_IDENTIFIER = com.toddheasley.mixtapes;
				PRODUCT_NAME = "$(TARGET_NAME:c99extidentifier)";
				SKIP_INSTALL = YES;
				SWIFT_OPTIMIZATION_LEVEL = "-Onone";
				SWIFT_VERSION = 5.0;
			};
			name = Debug;
		};
		5C677AA3225825B300ABC8ED /* Release */ = {
			isa = XCBuildConfiguration;
			buildSettings = {
				CLANG_ENABLE_MODULES = YES;
				CODE_SIGN_IDENTITY = "";
				CODE_SIGN_STYLE = Automatic;
				COMBINE_HIDPI_IMAGES = YES;
				CURRENT_PROJECT_VERSION = "$(inherited)";
				DEFINES_MODULE = YES;
				DEVELOPMENT_TEAM = 9Q3DL72K7D;
				DYLIB_COMPATIBILITY_VERSION = 1;
				DYLIB_CURRENT_VERSION = 1;
				DYLIB_INSTALL_NAME_BASE = "@rpath";
				FRAMEWORK_VERSION = A;
				INFOPLIST_FILE = Mixtapes/Info.plist;
				INSTALL_PATH = "$(LOCAL_LIBRARY_DIR)/Frameworks";
				LD_RUNPATH_SEARCH_PATHS = (
					"$(inherited)",
					"@executable_path/../Frameworks",
					"@loader_path/Frameworks",
				);
				PRODUCT_BUNDLE_IDENTIFIER = com.toddheasley.mixtapes;
				PRODUCT_NAME = "$(TARGET_NAME:c99extidentifier)";
				SKIP_INSTALL = YES;
				SWIFT_VERSION = 5.0;
			};
			name = Release;
		};
		5C677AAD225825FE00ABC8ED /* Debug */ = {
			isa = XCBuildConfiguration;
			buildSettings = {
				CLANG_ENABLE_MODULES = YES;
				CODE_SIGN_STYLE = Automatic;
				CURRENT_PROJECT_VERSION = "$(inherited)";
				DEVELOPMENT_TEAM = 9Q3DL72K7D;
				LD_RUNPATH_SEARCH_PATHS = (
					"$(inherited)",
					"@executable_path/../Frameworks",
					"@loader_path/../Frameworks",
				);
				PRODUCT_NAME = mixtapes;
				SWIFT_OPTIMIZATION_LEVEL = "-Onone";
				SWIFT_VERSION = 5.0;
			};
			name = Debug;
		};
		5C677AAE225825FE00ABC8ED /* Release */ = {
			isa = XCBuildConfiguration;
			buildSettings = {
				CLANG_ENABLE_MODULES = YES;
				CODE_SIGN_STYLE = Automatic;
				CURRENT_PROJECT_VERSION = "$(inherited)";
				DEVELOPMENT_TEAM = 9Q3DL72K7D;
				LD_RUNPATH_SEARCH_PATHS = (
					"$(inherited)",
					"@executable_path/../Frameworks",
					"@loader_path/../Frameworks",
				);
				PRODUCT_NAME = mixtapes;
				SWIFT_VERSION = 5.0;
			};
			name = Release;
		};
/* End XCBuildConfiguration section */

/* Begin XCConfigurationList section */
		5C677A93225825B300ABC8ED /* Build configuration list for PBXProject "Mixtapes" */ = {
			isa = XCConfigurationList;
			buildConfigurations = (
				5C677A9F225825B300ABC8ED /* Debug */,
				5C677AA0225825B300ABC8ED /* Release */,
			);
			defaultConfigurationIsVisible = 0;
			defaultConfigurationName = Release;
		};
		5C677AA1225825B300ABC8ED /* Build configuration list for PBXNativeTarget "Mixtapes" */ = {
			isa = XCConfigurationList;
			buildConfigurations = (
				5C677AA2225825B300ABC8ED /* Debug */,
				5C677AA3225825B300ABC8ED /* Release */,
			);
			defaultConfigurationIsVisible = 0;
			defaultConfigurationName = Release;
		};
		5C677AAC225825FE00ABC8ED /* Build configuration list for PBXNativeTarget "mixtapes" */ = {
			isa = XCConfigurationList;
			buildConfigurations = (
				5C677AAD225825FE00ABC8ED /* Debug */,
				5C677AAE225825FE00ABC8ED /* Release */,
			);
			defaultConfigurationIsVisible = 0;
			defaultConfigurationName = Release;
		};
/* End XCConfigurationList section */
	};
	rootObject = 5C677A90225825B300ABC8ED /* Project object */;
}
