// !$*UTF8*$!
{
	archiveVersion = 1;
	classes = {
	};
	objectVersion = 52;
	objects = {

/* Begin PBXBuildFile section */
		5C0EAC0025FC6A4600B9B852 /* SettingsCommands.swift in Sources */ = {isa = PBXBuildFile; fileRef = 5C0EABFF25FC6A4600B9B852 /* SettingsCommands.swift */; };
		5C21E3462608C30700BA7DA2 /* NSItemProvider.swift in Sources */ = {isa = PBXBuildFile; fileRef = 5C21E3452608C30700BA7DA2 /* NSItemProvider.swift */; };
		5C24D97E2602CE9D00A6EB22 /* NSEvent.swift in Sources */ = {isa = PBXBuildFile; fileRef = 5C24D97D2602CE9D00A6EB22 /* NSEvent.swift */; };
		5C24D98C2602E05700A6EB22 /* FolderButton.swift in Sources */ = {isa = PBXBuildFile; fileRef = 5C24D98B2602E05700A6EB22 /* FolderButton.swift */; };
		5C369B2626068181007764A6 /* Selection.swift in Sources */ = {isa = PBXBuildFile; fileRef = 5C369B2526068181007764A6 /* Selection.swift */; };
		5C369B362606DB91007764A6 /* ImageView.swift in Sources */ = {isa = PBXBuildFile; fileRef = 5C369B352606DB91007764A6 /* ImageView.swift */; };
		5C369B392606DEFA007764A6 /* NSImage.swift in Sources */ = {isa = PBXBuildFile; fileRef = 5C369B382606DEFA007764A6 /* NSImage.swift */; };
		5C58AB8625FA5FA20009E22D /* SidebarToolbarItem.swift in Sources */ = {isa = PBXBuildFile; fileRef = 5C58AB8525FA5FA20009E22D /* SidebarToolbarItem.swift */; };
		5C58AB8A25FA62C40009E22D /* TitleToolbarItem.swift in Sources */ = {isa = PBXBuildFile; fileRef = 5C58AB8925FA62C40009E22D /* TitleToolbarItem.swift */; };
		5C58AB8E25FA67AB0009E22D /* HelpCommands.swift in Sources */ = {isa = PBXBuildFile; fileRef = 5C58AB8D25FA67AB0009E22D /* HelpCommands.swift */; };
		5C58AB9425FB01A20009E22D /* Text.swift in Sources */ = {isa = PBXBuildFile; fileRef = 5C58AB9325FB01A20009E22D /* Text.swift */; };
		5C5C4F1126022DD200919DF6 /* PreviewToolbarItem.swift in Sources */ = {isa = PBXBuildFile; fileRef = 5C5C4F1026022DD200919DF6 /* PreviewToolbarItem.swift */; };
		5C5C4F1B2602550C00919DF6 /* NSWindow.swift in Sources */ = {isa = PBXBuildFile; fileRef = 5C5C4F1A2602550C00919DF6 /* NSWindow.swift */; };
		5C5C4F2226026B5E00919DF6 /* FolderToolbarItem.swift in Sources */ = {isa = PBXBuildFile; fileRef = 5C5C4F2126026B5E00919DF6 /* FolderToolbarItem.swift */; };
		5C5C4F28260271DA00919DF6 /* FileCommands.swift in Sources */ = {isa = PBXBuildFile; fileRef = 5C5C4F27260271DA00919DF6 /* FileCommands.swift */; };
		5C64526F260C4B3000EA977E /* Gaegu.ttf in Resources */ = {isa = PBXBuildFile; fileRef = 5C8A600625F1F953007B4B63 /* Gaegu.ttf */; };
		5C7F8B862613AD6B00A2A11F /* DeleteButton.swift in Sources */ = {isa = PBXBuildFile; fileRef = 5C7F8B852613AD6B00A2A11F /* DeleteButton.swift */; };
		5C80972B26060C250080B25F /* ItemButton.swift in Sources */ = {isa = PBXBuildFile; fileRef = 5C80972A26060C250080B25F /* ItemButton.swift */; };
		5C8A5FDE25F1F269007B4B63 /* App.swift in Sources */ = {isa = PBXBuildFile; fileRef = 5C8A5FDD25F1F269007B4B63 /* App.swift */; };
		5C8A5FE025F1F269007B4B63 /* ContentView.swift in Sources */ = {isa = PBXBuildFile; fileRef = 5C8A5FDF25F1F269007B4B63 /* ContentView.swift */; };
		5C8A5FE225F1F26A007B4B63 /* Assets.xcassets in Resources */ = {isa = PBXBuildFile; fileRef = 5C8A5FE125F1F26A007B4B63 /* Assets.xcassets */; };
		5C8A5FFF25F1F5FD007B4B63 /* Mixtapes in Frameworks */ = {isa = PBXBuildFile; productRef = 5C8A5FFE25F1F5FD007B4B63 /* Mixtapes */; };
		5C8A600325F1F8D7007B4B63 /* Color.swift in Sources */ = {isa = PBXBuildFile; fileRef = 5C8A600225F1F8D7007B4B63 /* Color.swift */; };
		5C8A600A25F1F95C007B4B63 /* Font.swift in Sources */ = {isa = PBXBuildFile; fileRef = 5C8A600925F1F95C007B4B63 /* Font.swift */; };
		5C93D66726014AB2003BC1F6 /* MainView.swift in Sources */ = {isa = PBXBuildFile; fileRef = 5C93D66626014AB2003BC1F6 /* MainView.swift */; };
		5CBEFF7E26051BAA009737F7 /* ImportToolbarItem.swift in Sources */ = {isa = PBXBuildFile; fileRef = 5CBEFF7D26051BAA009737F7 /* ImportToolbarItem.swift */; };
		5CBEFF8B260585B1009737F7 /* View.swift in Sources */ = {isa = PBXBuildFile; fileRef = 5CBEFF8A260585B1009737F7 /* View.swift */; };
		5CCA412D25F25E9600361312 /* SidebarView.swift in Sources */ = {isa = PBXBuildFile; fileRef = 5CCA412C25F25E9600361312 /* SidebarView.swift */; };
		5CD15BFC2610C49F007E5553 /* ExplicitToggle.swift in Sources */ = {isa = PBXBuildFile; fileRef = 5CD15BFB2610C49F007E5553 /* ExplicitToggle.swift */; };
		5CD15C082610F9A7007E5553 /* ContentRow.swift in Sources */ = {isa = PBXBuildFile; fileRef = 5CD15C072610F9A7007E5553 /* ContentRow.swift */; };
		5CD15C1226111C6E007E5553 /* DateEditor.swift in Sources */ = {isa = PBXBuildFile; fileRef = 5CD15C1126111C6E007E5553 /* DateEditor.swift */; };
		5CDD6A4E25FED6D8008B6FF6 /* ItemView.swift in Sources */ = {isa = PBXBuildFile; fileRef = 5CDD6A4D25FED6D8008B6FF6 /* ItemView.swift */; };
		5CEBFECC260816E300604192 /* IconButton.swift in Sources */ = {isa = PBXBuildFile; fileRef = 5CEBFECB260816E300604192 /* IconButton.swift */; };
		5CEBFED226081D5B00604192 /* CGSize.swift in Sources */ = {isa = PBXBuildFile; fileRef = 5CEBFED126081D5B00604192 /* CGSize.swift */; };
		5CEBFED526081E2D00604192 /* CGFloat.swift in Sources */ = {isa = PBXBuildFile; fileRef = 5CEBFED426081E2D00604192 /* CGFloat.swift */; };
		5CF4E88525FB924D0028F87A /* SettingsToolbarItem.swift in Sources */ = {isa = PBXBuildFile; fileRef = 5CF4E88425FB924D0028F87A /* SettingsToolbarItem.swift */; };
		5CFD30BE25F7EC76009ED8AF /* SettingsView.swift in Sources */ = {isa = PBXBuildFile; fileRef = 5CFD30BD25F7EC76009ED8AF /* SettingsView.swift */; };
/* End PBXBuildFile section */

/* Begin PBXFileReference section */
		5C0EABFF25FC6A4600B9B852 /* SettingsCommands.swift */ = {isa = PBXFileReference; lastKnownFileType = sourcecode.swift; path = SettingsCommands.swift; sourceTree = "<group>"; };
		5C21E3452608C30700BA7DA2 /* NSItemProvider.swift */ = {isa = PBXFileReference; lastKnownFileType = sourcecode.swift; path = NSItemProvider.swift; sourceTree = "<group>"; };
		5C24D97D2602CE9D00A6EB22 /* NSEvent.swift */ = {isa = PBXFileReference; lastKnownFileType = sourcecode.swift; path = NSEvent.swift; sourceTree = "<group>"; };
		5C24D98B2602E05700A6EB22 /* FolderButton.swift */ = {isa = PBXFileReference; lastKnownFileType = sourcecode.swift; path = FolderButton.swift; sourceTree = "<group>"; };
		5C369B2526068181007764A6 /* Selection.swift */ = {isa = PBXFileReference; lastKnownFileType = sourcecode.swift; path = Selection.swift; sourceTree = "<group>"; };
		5C369B352606DB91007764A6 /* ImageView.swift */ = {isa = PBXFileReference; lastKnownFileType = sourcecode.swift; path = ImageView.swift; sourceTree = "<group>"; };
		5C369B382606DEFA007764A6 /* NSImage.swift */ = {isa = PBXFileReference; lastKnownFileType = sourcecode.swift; path = NSImage.swift; sourceTree = "<group>"; };
		5C58AB8525FA5FA20009E22D /* SidebarToolbarItem.swift */ = {isa = PBXFileReference; lastKnownFileType = sourcecode.swift; path = SidebarToolbarItem.swift; sourceTree = "<group>"; };
		5C58AB8925FA62C40009E22D /* TitleToolbarItem.swift */ = {isa = PBXFileReference; lastKnownFileType = sourcecode.swift; path = TitleToolbarItem.swift; sourceTree = "<group>"; };
		5C58AB8D25FA67AB0009E22D /* HelpCommands.swift */ = {isa = PBXFileReference; lastKnownFileType = sourcecode.swift; path = HelpCommands.swift; sourceTree = "<group>"; };
		5C58AB9325FB01A20009E22D /* Text.swift */ = {isa = PBXFileReference; lastKnownFileType = sourcecode.swift; path = Text.swift; sourceTree = "<group>"; };
		5C5C4F1026022DD200919DF6 /* PreviewToolbarItem.swift */ = {isa = PBXFileReference; lastKnownFileType = sourcecode.swift; path = PreviewToolbarItem.swift; sourceTree = "<group>"; };
		5C5C4F1A2602550C00919DF6 /* NSWindow.swift */ = {isa = PBXFileReference; lastKnownFileType = sourcecode.swift; path = NSWindow.swift; sourceTree = "<group>"; };
		5C5C4F2126026B5E00919DF6 /* FolderToolbarItem.swift */ = {isa = PBXFileReference; lastKnownFileType = sourcecode.swift; path = FolderToolbarItem.swift; sourceTree = "<group>"; };
		5C5C4F27260271DA00919DF6 /* FileCommands.swift */ = {isa = PBXFileReference; lastKnownFileType = sourcecode.swift; path = FileCommands.swift; sourceTree = "<group>"; };
		5C7F8B852613AD6B00A2A11F /* DeleteButton.swift */ = {isa = PBXFileReference; lastKnownFileType = sourcecode.swift; path = DeleteButton.swift; sourceTree = "<group>"; };
		5C80972A26060C250080B25F /* ItemButton.swift */ = {isa = PBXFileReference; lastKnownFileType = sourcecode.swift; path = ItemButton.swift; sourceTree = "<group>"; };
		5C8A5FDA25F1F269007B4B63 /* Mixtapes.app */ = {isa = PBXFileReference; explicitFileType = wrapper.application; includeInIndex = 0; path = Mixtapes.app; sourceTree = BUILT_PRODUCTS_DIR; };
		5C8A5FDD25F1F269007B4B63 /* App.swift */ = {isa = PBXFileReference; lastKnownFileType = sourcecode.swift; path = App.swift; sourceTree = "<group>"; };
		5C8A5FDF25F1F269007B4B63 /* ContentView.swift */ = {isa = PBXFileReference; lastKnownFileType = sourcecode.swift; path = ContentView.swift; sourceTree = "<group>"; };
		5C8A5FE125F1F26A007B4B63 /* Assets.xcassets */ = {isa = PBXFileReference; lastKnownFileType = folder.assetcatalog; path = Assets.xcassets; sourceTree = "<group>"; };
		5C8A5FE625F1F26A007B4B63 /* Info.plist */ = {isa = PBXFileReference; lastKnownFileType = text.plist.xml; path = Info.plist; sourceTree = "<group>"; };
		5C8A600225F1F8D7007B4B63 /* Color.swift */ = {isa = PBXFileReference; lastKnownFileType = sourcecode.swift; path = Color.swift; sourceTree = "<group>"; };
		5C8A600625F1F953007B4B63 /* Gaegu.ttf */ = {isa = PBXFileReference; lastKnownFileType = file; path = Gaegu.ttf; sourceTree = "<group>"; };
		5C8A600925F1F95C007B4B63 /* Font.swift */ = {isa = PBXFileReference; fileEncoding = 4; lastKnownFileType = sourcecode.swift; path = Font.swift; sourceTree = "<group>"; };
		5C93D66626014AB2003BC1F6 /* MainView.swift */ = {isa = PBXFileReference; lastKnownFileType = sourcecode.swift; path = MainView.swift; sourceTree = "<group>"; };
		5CBEFF7D26051BAA009737F7 /* ImportToolbarItem.swift */ = {isa = PBXFileReference; lastKnownFileType = sourcecode.swift; path = ImportToolbarItem.swift; sourceTree = "<group>"; };
		5CBEFF8A260585B1009737F7 /* View.swift */ = {isa = PBXFileReference; lastKnownFileType = sourcecode.swift; path = View.swift; sourceTree = "<group>"; };
		5CCA412C25F25E9600361312 /* SidebarView.swift */ = {isa = PBXFileReference; lastKnownFileType = sourcecode.swift; path = SidebarView.swift; sourceTree = "<group>"; };
		5CD15BFB2610C49F007E5553 /* ExplicitToggle.swift */ = {isa = PBXFileReference; lastKnownFileType = sourcecode.swift; path = ExplicitToggle.swift; sourceTree = "<group>"; };
		5CD15C072610F9A7007E5553 /* ContentRow.swift */ = {isa = PBXFileReference; lastKnownFileType = sourcecode.swift; path = ContentRow.swift; sourceTree = "<group>"; };
		5CD15C1126111C6E007E5553 /* DateEditor.swift */ = {isa = PBXFileReference; lastKnownFileType = sourcecode.swift; path = DateEditor.swift; sourceTree = "<group>"; };
		5CDD6A4D25FED6D8008B6FF6 /* ItemView.swift */ = {isa = PBXFileReference; lastKnownFileType = sourcecode.swift; path = ItemView.swift; sourceTree = "<group>"; };
		5CEBFECB260816E300604192 /* IconButton.swift */ = {isa = PBXFileReference; lastKnownFileType = sourcecode.swift; path = IconButton.swift; sourceTree = "<group>"; };
		5CEBFED126081D5B00604192 /* CGSize.swift */ = {isa = PBXFileReference; lastKnownFileType = sourcecode.swift; path = CGSize.swift; sourceTree = "<group>"; };
		5CEBFED426081E2D00604192 /* CGFloat.swift */ = {isa = PBXFileReference; lastKnownFileType = sourcecode.swift; path = CGFloat.swift; sourceTree = "<group>"; };
		5CF4E88425FB924D0028F87A /* SettingsToolbarItem.swift */ = {isa = PBXFileReference; lastKnownFileType = sourcecode.swift; path = SettingsToolbarItem.swift; sourceTree = "<group>"; };
		5CFD30BD25F7EC76009ED8AF /* SettingsView.swift */ = {isa = PBXFileReference; lastKnownFileType = sourcecode.swift; path = SettingsView.swift; sourceTree = "<group>"; };
/* End PBXFileReference section */

/* Begin PBXFrameworksBuildPhase section */
		5C8A5FD725F1F269007B4B63 /* Frameworks */ = {
			isa = PBXFrameworksBuildPhase;
			buildActionMask = 2147483647;
			files = (
				5C8A5FFF25F1F5FD007B4B63 /* Mixtapes in Frameworks */,
			);
			runOnlyForDeploymentPostprocessing = 0;
		};
/* End PBXFrameworksBuildPhase section */

/* Begin PBXGroup section */
		5C21E3442608C2DC00BA7DA2 /* Foundation */ = {
			isa = PBXGroup;
			children = (
				5C21E3452608C30700BA7DA2 /* NSItemProvider.swift */,
			);
			path = Foundation;
			sourceTree = "<group>";
		};
		5C5C4F16260253B400919DF6 /* AppKit */ = {
			isa = PBXGroup;
			children = (
				5C24D97D2602CE9D00A6EB22 /* NSEvent.swift */,
				5C369B382606DEFA007764A6 /* NSImage.swift */,
				5C5C4F1A2602550C00919DF6 /* NSWindow.swift */,
			);
			path = AppKit;
			sourceTree = "<group>";
		};
		5C8A5FD125F1F269007B4B63 = {
			isa = PBXGroup;
			children = (
				5C8A5FDC25F1F269007B4B63 /* MixtapesApp */,
				5C8A5FDB25F1F269007B4B63 /* Products */,
			);
			sourceTree = "<group>";
		};
		5C8A5FDB25F1F269007B4B63 /* Products */ = {
			isa = PBXGroup;
			children = (
				5C8A5FDA25F1F269007B4B63 /* Mixtapes.app */,
			);
			name = Products;
			sourceTree = "<group>";
		};
		5C8A5FDC25F1F269007B4B63 /* MixtapesApp */ = {
			isa = PBXGroup;
			children = (
				5C5C4F16260253B400919DF6 /* AppKit */,
				5CEBFED026081D4500604192 /* CoreGraphics */,
				5C21E3442608C2DC00BA7DA2 /* Foundation */,
				5C8A600125F1F8B6007B4B63 /* SwiftUI */,
				5C8A5FDD25F1F269007B4B63 /* App.swift */,
				5C8A5FE125F1F26A007B4B63 /* Assets.xcassets */,
				5C8A5FDF25F1F269007B4B63 /* ContentView.swift */,
				5CD15C072610F9A7007E5553 /* ContentRow.swift */,
				5CD15C1126111C6E007E5553 /* DateEditor.swift */,
				5C7F8B852613AD6B00A2A11F /* DeleteButton.swift */,
				5CD15BFB2610C49F007E5553 /* ExplicitToggle.swift */,
				5C5C4F27260271DA00919DF6 /* FileCommands.swift */,
				5C24D98B2602E05700A6EB22 /* FolderButton.swift */,
				5C5C4F2126026B5E00919DF6 /* FolderToolbarItem.swift */,
				5C8A600625F1F953007B4B63 /* Gaegu.ttf */,
				5C58AB8D25FA67AB0009E22D /* HelpCommands.swift */,
				5CEBFECB260816E300604192 /* IconButton.swift */,
				5C369B352606DB91007764A6 /* ImageView.swift */,
				5CBEFF7D26051BAA009737F7 /* ImportToolbarItem.swift */,
				5C80972A26060C250080B25F /* ItemButton.swift */,
				5CDD6A4D25FED6D8008B6FF6 /* ItemView.swift */,
				5C93D66626014AB2003BC1F6 /* MainView.swift */,
				5C5C4F1026022DD200919DF6 /* PreviewToolbarItem.swift */,
				5C369B2526068181007764A6 /* Selection.swift */,
				5C0EABFF25FC6A4600B9B852 /* SettingsCommands.swift */,
				5CF4E88425FB924D0028F87A /* SettingsToolbarItem.swift */,
				5CFD30BD25F7EC76009ED8AF /* SettingsView.swift */,
				5C58AB8525FA5FA20009E22D /* SidebarToolbarItem.swift */,
				5CCA412C25F25E9600361312 /* SidebarView.swift */,
				5C58AB8925FA62C40009E22D /* TitleToolbarItem.swift */,
				5C8A5FE625F1F26A007B4B63 /* Info.plist */,
			);
			path = MixtapesApp;
			sourceTree = "<group>";
		};
		5C8A600125F1F8B6007B4B63 /* SwiftUI */ = {
			isa = PBXGroup;
			children = (
				5C8A600225F1F8D7007B4B63 /* Color.swift */,
				5C8A600925F1F95C007B4B63 /* Font.swift */,
				5C58AB9325FB01A20009E22D /* Text.swift */,
				5CBEFF8A260585B1009737F7 /* View.swift */,
			);
			path = SwiftUI;
			sourceTree = "<group>";
		};
		5CEBFED026081D4500604192 /* CoreGraphics */ = {
			isa = PBXGroup;
			children = (
				5CEBFED426081E2D00604192 /* CGFloat.swift */,
				5CEBFED126081D5B00604192 /* CGSize.swift */,
			);
			path = CoreGraphics;
			sourceTree = "<group>";
		};
/* End PBXGroup section */

/* Begin PBXNativeTarget section */
		5C8A5FD925F1F269007B4B63 /* MixtapesApp */ = {
			isa = PBXNativeTarget;
			buildConfigurationList = 5C8A5FEA25F1F26A007B4B63 /* Build configuration list for PBXNativeTarget "MixtapesApp" */;
			buildPhases = (
				5C8A5FD625F1F269007B4B63 /* Sources */,
				5C8A5FD725F1F269007B4B63 /* Frameworks */,
				5C8A5FD825F1F269007B4B63 /* Resources */,
				5C8A5FF825F1F4F6007B4B63 /* Set Build Number */,
			);
			buildRules = (
			);
			dependencies = (
			);
			name = MixtapesApp;
			packageProductDependencies = (
				5C8A5FFE25F1F5FD007B4B63 /* Mixtapes */,
			);
			productName = MixtapesApp;
			productReference = 5C8A5FDA25F1F269007B4B63 /* Mixtapes.app */;
			productType = "com.apple.product-type.application";
		};
/* End PBXNativeTarget section */

/* Begin PBXProject section */
		5C8A5FD225F1F269007B4B63 /* Project object */ = {
			isa = PBXProject;
			attributes = {
				LastSwiftUpdateCheck = 1240;
				LastUpgradeCheck = 1240;
				TargetAttributes = {
					5C8A5FD925F1F269007B4B63 = {
						CreatedOnToolsVersion = 12.4;
					};
				};
			};
			buildConfigurationList = 5C8A5FD525F1F269007B4B63 /* Build configuration list for PBXProject "MixtapesApp" */;
			compatibilityVersion = "Xcode 9.3";
			developmentRegion = en;
			hasScannedForEncodings = 0;
			knownRegions = (
				en,
				Base,
			);
			mainGroup = 5C8A5FD125F1F269007B4B63;
			productRefGroup = 5C8A5FDB25F1F269007B4B63 /* Products */;
			projectDirPath = "";
			projectRoot = "";
			targets = (
				5C8A5FD925F1F269007B4B63 /* MixtapesApp */,
			);
		};
/* End PBXProject section */

/* Begin PBXResourcesBuildPhase section */
		5C8A5FD825F1F269007B4B63 /* Resources */ = {
			isa = PBXResourcesBuildPhase;
			buildActionMask = 2147483647;
			files = (
				5C64526F260C4B3000EA977E /* Gaegu.ttf in Resources */,
				5C8A5FE225F1F26A007B4B63 /* Assets.xcassets in Resources */,
			);
			runOnlyForDeploymentPostprocessing = 0;
		};
/* End PBXResourcesBuildPhase section */

/* Begin PBXShellScriptBuildPhase section */
		5C8A5FF825F1F4F6007B4B63 /* Set Build Number */ = {
			isa = PBXShellScriptBuildPhase;
			buildActionMask = 2147483647;
			files = (
			);
			inputFileListPaths = (
			);
			inputPaths = (
			);
			name = "Set Build Number";
			outputFileListPaths = (
			);
			outputPaths = (
			);
			runOnlyForDeploymentPostprocessing = 0;
			shellPath = /bin/sh;
			shellScript = "build=`$(sh /etc/profile; which git) rev-list --all |wc -l`\n/usr/libexec/PlistBuddy -c \"Set :CFBundleVersion $build\" \"$TARGET_BUILD_DIR/$INFOPLIST_PATH\"\n";
		};
/* End PBXShellScriptBuildPhase section */

/* Begin PBXSourcesBuildPhase section */
		5C8A5FD625F1F269007B4B63 /* Sources */ = {
			isa = PBXSourcesBuildPhase;
			buildActionMask = 2147483647;
			files = (
				5CD15C1226111C6E007E5553 /* DateEditor.swift in Sources */,
				5C21E3462608C30700BA7DA2 /* NSItemProvider.swift in Sources */,
				5CEBFED526081E2D00604192 /* CGFloat.swift in Sources */,
				5CD15BFC2610C49F007E5553 /* ExplicitToggle.swift in Sources */,
				5C369B2626068181007764A6 /* Selection.swift in Sources */,
				5C8A600A25F1F95C007B4B63 /* Font.swift in Sources */,
				5C0EAC0025FC6A4600B9B852 /* SettingsCommands.swift in Sources */,
				5C7F8B862613AD6B00A2A11F /* DeleteButton.swift in Sources */,
				5C80972B26060C250080B25F /* ItemButton.swift in Sources */,
				5C369B392606DEFA007764A6 /* NSImage.swift in Sources */,
				5C5C4F28260271DA00919DF6 /* FileCommands.swift in Sources */,
				5C58AB8625FA5FA20009E22D /* SidebarToolbarItem.swift in Sources */,
				5C8A5FE025F1F269007B4B63 /* ContentView.swift in Sources */,
				5C58AB8E25FA67AB0009E22D /* HelpCommands.swift in Sources */,
				5CF4E88525FB924D0028F87A /* SettingsToolbarItem.swift in Sources */,
				5CBEFF8B260585B1009737F7 /* View.swift in Sources */,
				5C5C4F2226026B5E00919DF6 /* FolderToolbarItem.swift in Sources */,
				5CEBFED226081D5B00604192 /* CGSize.swift in Sources */,
				5CEBFECC260816E300604192 /* IconButton.swift in Sources */,
				5C24D98C2602E05700A6EB22 /* FolderButton.swift in Sources */,
				5CCA412D25F25E9600361312 /* SidebarView.swift in Sources */,
				5C5C4F1B2602550C00919DF6 /* NSWindow.swift in Sources */,
				5CFD30BE25F7EC76009ED8AF /* SettingsView.swift in Sources */,
				5CD15C082610F9A7007E5553 /* ContentRow.swift in Sources */,
				5CDD6A4E25FED6D8008B6FF6 /* ItemView.swift in Sources */,
				5C58AB9425FB01A20009E22D /* Text.swift in Sources */,
				5C8A5FDE25F1F269007B4B63 /* App.swift in Sources */,
				5C24D97E2602CE9D00A6EB22 /* NSEvent.swift in Sources */,
				5C5C4F1126022DD200919DF6 /* PreviewToolbarItem.swift in Sources */,
				5CBEFF7E26051BAA009737F7 /* ImportToolbarItem.swift in Sources */,
				5C8A600325F1F8D7007B4B63 /* Color.swift in Sources */,
				5C369B362606DB91007764A6 /* ImageView.swift in Sources */,
				5C93D66726014AB2003BC1F6 /* MainView.swift in Sources */,
				5C58AB8A25FA62C40009E22D /* TitleToolbarItem.swift in Sources */,
			);
			runOnlyForDeploymentPostprocessing = 0;
		};
/* End PBXSourcesBuildPhase section */

/* Begin XCBuildConfiguration section */
		5C8A5FE825F1F26A007B4B63 /* Debug */ = {
			isa = XCBuildConfiguration;
			buildSettings = {
				ALWAYS_SEARCH_USER_PATHS = NO;
				CLANG_ANALYZER_NONNULL = YES;
				CLANG_ANALYZER_NUMBER_OBJECT_CONVERSION = YES_AGGRESSIVE;
				CLANG_CXX_LANGUAGE_STANDARD = "gnu++14";
				CLANG_CXX_LIBRARY = "libc++";
				CLANG_ENABLE_MODULES = YES;
				CLANG_ENABLE_OBJC_ARC = YES;
				CLANG_ENABLE_OBJC_WEAK = YES;
				CLANG_WARN_BLOCK_CAPTURE_AUTORELEASING = YES;
				CLANG_WARN_BOOL_CONVERSION = YES;
				CLANG_WARN_COMMA = YES;
				CLANG_WARN_CONSTANT_CONVERSION = YES;
				CLANG_WARN_DEPRECATED_OBJC_IMPLEMENTATIONS = YES;
				CLANG_WARN_DIRECT_OBJC_ISA_USAGE = YES_ERROR;
				CLANG_WARN_DOCUMENTATION_COMMENTS = YES;
				CLANG_WARN_EMPTY_BODY = YES;
				CLANG_WARN_ENUM_CONVERSION = YES;
				CLANG_WARN_INFINITE_RECURSION = YES;
				CLANG_WARN_INT_CONVERSION = YES;
				CLANG_WARN_NON_LITERAL_NULL_CONVERSION = YES;
				CLANG_WARN_OBJC_IMPLICIT_RETAIN_SELF = YES;
				CLANG_WARN_OBJC_LITERAL_CONVERSION = YES;
				CLANG_WARN_OBJC_ROOT_CLASS = YES_ERROR;
				CLANG_WARN_QUOTED_INCLUDE_IN_FRAMEWORK_HEADER = YES;
				CLANG_WARN_RANGE_LOOP_ANALYSIS = YES;
				CLANG_WARN_STRICT_PROTOTYPES = YES;
				CLANG_WARN_SUSPICIOUS_MOVE = YES;
				CLANG_WARN_UNGUARDED_AVAILABILITY = YES_AGGRESSIVE;
				CLANG_WARN_UNREACHABLE_CODE = YES;
				CLANG_WARN__DUPLICATE_METHOD_MATCH = YES;
				COPY_PHASE_STRIP = NO;
				DEBUG_INFORMATION_FORMAT = dwarf;
				ENABLE_STRICT_OBJC_MSGSEND = YES;
				ENABLE_TESTABILITY = YES;
				GCC_C_LANGUAGE_STANDARD = gnu11;
				GCC_DYNAMIC_NO_PIC = NO;
				GCC_NO_COMMON_BLOCKS = YES;
				GCC_OPTIMIZATION_LEVEL = 0;
				GCC_PREPROCESSOR_DEFINITIONS = (
					"DEBUG=1",
					"$(inherited)",
				);
				GCC_WARN_64_TO_32_BIT_CONVERSION = YES;
				GCC_WARN_ABOUT_RETURN_TYPE = YES_ERROR;
				GCC_WARN_UNDECLARED_SELECTOR = YES;
				GCC_WARN_UNINITIALIZED_AUTOS = YES_AGGRESSIVE;
				GCC_WARN_UNUSED_FUNCTION = YES;
				GCC_WARN_UNUSED_VARIABLE = YES;
				MACOSX_DEPLOYMENT_TARGET = 11.1;
				MTL_ENABLE_DEBUG_INFO = INCLUDE_SOURCE;
				MTL_FAST_MATH = YES;
				ONLY_ACTIVE_ARCH = YES;
				SDKROOT = macosx;
				SWIFT_ACTIVE_COMPILATION_CONDITIONS = DEBUG;
				SWIFT_OPTIMIZATION_LEVEL = "-Onone";
			};
			name = Debug;
		};
		5C8A5FE925F1F26A007B4B63 /* Release */ = {
			isa = XCBuildConfiguration;
			buildSettings = {
				ALWAYS_SEARCH_USER_PATHS = NO;
				CLANG_ANALYZER_NONNULL = YES;
				CLANG_ANALYZER_NUMBER_OBJECT_CONVERSION = YES_AGGRESSIVE;
				CLANG_CXX_LANGUAGE_STANDARD = "gnu++14";
				CLANG_CXX_LIBRARY = "libc++";
				CLANG_ENABLE_MODULES = YES;
				CLANG_ENABLE_OBJC_ARC = YES;
				CLANG_ENABLE_OBJC_WEAK = YES;
				CLANG_WARN_BLOCK_CAPTURE_AUTORELEASING = YES;
				CLANG_WARN_BOOL_CONVERSION = YES;
				CLANG_WARN_COMMA = YES;
				CLANG_WARN_CONSTANT_CONVERSION = YES;
				CLANG_WARN_DEPRECATED_OBJC_IMPLEMENTATIONS = YES;
				CLANG_WARN_DIRECT_OBJC_ISA_USAGE = YES_ERROR;
				CLANG_WARN_DOCUMENTATION_COMMENTS = YES;
				CLANG_WARN_EMPTY_BODY = YES;
				CLANG_WARN_ENUM_CONVERSION = YES;
				CLANG_WARN_INFINITE_RECURSION = YES;
				CLANG_WARN_INT_CONVERSION = YES;
				CLANG_WARN_NON_LITERAL_NULL_CONVERSION = YES;
				CLANG_WARN_OBJC_IMPLICIT_RETAIN_SELF = YES;
				CLANG_WARN_OBJC_LITERAL_CONVERSION = YES;
				CLANG_WARN_OBJC_ROOT_CLASS = YES_ERROR;
				CLANG_WARN_QUOTED_INCLUDE_IN_FRAMEWORK_HEADER = YES;
				CLANG_WARN_RANGE_LOOP_ANALYSIS = YES;
				CLANG_WARN_STRICT_PROTOTYPES = YES;
				CLANG_WARN_SUSPICIOUS_MOVE = YES;
				CLANG_WARN_UNGUARDED_AVAILABILITY = YES_AGGRESSIVE;
				CLANG_WARN_UNREACHABLE_CODE = YES;
				CLANG_WARN__DUPLICATE_METHOD_MATCH = YES;
				COPY_PHASE_STRIP = NO;
				DEBUG_INFORMATION_FORMAT = "dwarf-with-dsym";
				ENABLE_NS_ASSERTIONS = NO;
				ENABLE_STRICT_OBJC_MSGSEND = YES;
				GCC_C_LANGUAGE_STANDARD = gnu11;
				GCC_NO_COMMON_BLOCKS = YES;
				GCC_WARN_64_TO_32_BIT_CONVERSION = YES;
				GCC_WARN_ABOUT_RETURN_TYPE = YES_ERROR;
				GCC_WARN_UNDECLARED_SELECTOR = YES;
				GCC_WARN_UNINITIALIZED_AUTOS = YES_AGGRESSIVE;
				GCC_WARN_UNUSED_FUNCTION = YES;
				GCC_WARN_UNUSED_VARIABLE = YES;
				MACOSX_DEPLOYMENT_TARGET = 11.1;
				MTL_ENABLE_DEBUG_INFO = NO;
				MTL_FAST_MATH = YES;
				SDKROOT = macosx;
				SWIFT_COMPILATION_MODE = wholemodule;
				SWIFT_OPTIMIZATION_LEVEL = "-O";
			};
			name = Release;
		};
		5C8A5FEB25F1F26A007B4B63 /* Debug */ = {
			isa = XCBuildConfiguration;
			buildSettings = {
				ASSETCATALOG_COMPILER_APPICON_NAME = AppIcon;
				CODE_SIGN_ENTITLEMENTS = "";
				CODE_SIGN_STYLE = Automatic;
				COMBINE_HIDPI_IMAGES = YES;
				CURRENT_PROJECT_VERSION = 0;
				DEVELOPMENT_ASSET_PATHS = "";
				DEVELOPMENT_TEAM = 9Q3DL72K7D;
				ENABLE_HARDENED_RUNTIME = YES;
				ENABLE_PREVIEWS = YES;
				INFOPLIST_FILE = MixtapesApp/Info.plist;
				LD_RUNPATH_SEARCH_PATHS = (
					"$(inherited)",
					"@executable_path/../Frameworks",
				);
				MACOSX_DEPLOYMENT_TARGET = 11.0;
				MARKETING_VERSION = 2.0;
				PRODUCT_BUNDLE_IDENTIFIER = com.toddheasley.mixtapes;
				PRODUCT_MODULE_NAME = "$(TARGET_NAME)";
				PRODUCT_NAME = Mixtapes;
				SWIFT_VERSION = 5.0;
			};
			name = Debug;
		};
		5C8A5FEC25F1F26A007B4B63 /* Release */ = {
			isa = XCBuildConfiguration;
			buildSettings = {
				ASSETCATALOG_COMPILER_APPICON_NAME = AppIcon;
				CODE_SIGN_ENTITLEMENTS = "";
				CODE_SIGN_STYLE = Automatic;
				COMBINE_HIDPI_IMAGES = YES;
				CURRENT_PROJECT_VERSION = 0;
				DEVELOPMENT_ASSET_PATHS = "";
				DEVELOPMENT_TEAM = 9Q3DL72K7D;
				ENABLE_HARDENED_RUNTIME = YES;
				ENABLE_PREVIEWS = YES;
				INFOPLIST_FILE = MixtapesApp/Info.plist;
				LD_RUNPATH_SEARCH_PATHS = (
					"$(inherited)",
					"@executable_path/../Frameworks",
				);
				MACOSX_DEPLOYMENT_TARGET = 11.0;
				MARKETING_VERSION = 2.0;
				PRODUCT_BUNDLE_IDENTIFIER = com.toddheasley.mixtapes;
				PRODUCT_MODULE_NAME = "$(TARGET_NAME)";
				PRODUCT_NAME = Mixtapes;
				SWIFT_VERSION = 5.0;
			};
			name = Release;
		};
/* End XCBuildConfiguration section */

/* Begin XCConfigurationList section */
		5C8A5FD525F1F269007B4B63 /* Build configuration list for PBXProject "MixtapesApp" */ = {
			isa = XCConfigurationList;
			buildConfigurations = (
				5C8A5FE825F1F26A007B4B63 /* Debug */,
				5C8A5FE925F1F26A007B4B63 /* Release */,
			);
			defaultConfigurationIsVisible = 0;
			defaultConfigurationName = Release;
		};
		5C8A5FEA25F1F26A007B4B63 /* Build configuration list for PBXNativeTarget "MixtapesApp" */ = {
			isa = XCConfigurationList;
			buildConfigurations = (
				5C8A5FEB25F1F26A007B4B63 /* Debug */,
				5C8A5FEC25F1F26A007B4B63 /* Release */,
			);
			defaultConfigurationIsVisible = 0;
			defaultConfigurationName = Release;
		};
/* End XCConfigurationList section */

/* Begin XCSwiftPackageProductDependency section */
		5C8A5FFE25F1F5FD007B4B63 /* Mixtapes */ = {
			isa = XCSwiftPackageProductDependency;
			productName = Mixtapes;
		};
/* End XCSwiftPackageProductDependency section */
	};
	rootObject = 5C8A5FD225F1F269007B4B63 /* Project object */;
}
