// !$*UTF8*$!
{
	archiveVersion = 1;
	classes = {
	};
	objectVersion = 52;
	objects = {

/* Begin PBXBuildFile section */
		5C0B11A525EF3924001968C4 /* Gaegu.ttf in Resources */ = {isa = PBXBuildFile; fileRef = 5C0B11A425EF3924001968C4 /* Gaegu.ttf */; };
		5C24F65025EC08EB00543CDD /* App.swift in Sources */ = {isa = PBXBuildFile; fileRef = 5C24F64F25EC08EB00543CDD /* App.swift */; };
		5C24F65225EC08EB00543CDD /* ContentView.swift in Sources */ = {isa = PBXBuildFile; fileRef = 5C24F65125EC08EB00543CDD /* ContentView.swift */; };
		5C24F65425EC08EC00543CDD /* Assets.xcassets in Resources */ = {isa = PBXBuildFile; fileRef = 5C24F65325EC08EC00543CDD /* Assets.xcassets */; };
		5C7728F925EFEC0E00F4B9A2 /* Color.swift in Sources */ = {isa = PBXBuildFile; fileRef = 5C7728F825EFEC0E00F4B9A2 /* Color.swift */; };
		5C9BA52425EDFC7E002FD971 /* Mixtapes in Frameworks */ = {isa = PBXBuildFile; platformFilter = ios; productRef = 5C9BA52325EDFC7E002FD971 /* Mixtapes */; };
		5CA52FAB25F10E6F006F6458 /* WindowGroup.swift in Sources */ = {isa = PBXBuildFile; fileRef = 5CA52FAA25F10E6F006F6458 /* WindowGroup.swift */; };
		5CD76E6B25EE092300D65799 /* Font.swift in Sources */ = {isa = PBXBuildFile; fileRef = 5CD76E6A25EE092300D65799 /* Font.swift */; };
/* End PBXBuildFile section */

/* Begin PBXFileReference section */
		5C0B11A425EF3924001968C4 /* Gaegu.ttf */ = {isa = PBXFileReference; lastKnownFileType = file; path = Gaegu.ttf; sourceTree = "<group>"; };
		5C24F64C25EC08EB00543CDD /* Mixtapes.app */ = {isa = PBXFileReference; explicitFileType = wrapper.application; includeInIndex = 0; path = Mixtapes.app; sourceTree = BUILT_PRODUCTS_DIR; };
		5C24F64F25EC08EB00543CDD /* App.swift */ = {isa = PBXFileReference; lastKnownFileType = sourcecode.swift; path = App.swift; sourceTree = "<group>"; };
		5C24F65125EC08EB00543CDD /* ContentView.swift */ = {isa = PBXFileReference; lastKnownFileType = sourcecode.swift; path = ContentView.swift; sourceTree = "<group>"; };
		5C24F65325EC08EC00543CDD /* Assets.xcassets */ = {isa = PBXFileReference; lastKnownFileType = folder.assetcatalog; path = Assets.xcassets; sourceTree = "<group>"; };
		5C24F65825EC08EC00543CDD /* Info.plist */ = {isa = PBXFileReference; lastKnownFileType = text.plist.xml; path = Info.plist; sourceTree = "<group>"; };
		5C7728F825EFEC0E00F4B9A2 /* Color.swift */ = {isa = PBXFileReference; lastKnownFileType = sourcecode.swift; path = Color.swift; sourceTree = "<group>"; };
		5CA52FAA25F10E6F006F6458 /* WindowGroup.swift */ = {isa = PBXFileReference; lastKnownFileType = sourcecode.swift; path = WindowGroup.swift; sourceTree = "<group>"; };
		5CD76E6A25EE092300D65799 /* Font.swift */ = {isa = PBXFileReference; lastKnownFileType = sourcecode.swift; path = Font.swift; sourceTree = "<group>"; };
		5CDFB31725EC09F3009158ED /* App.entitlements */ = {isa = PBXFileReference; lastKnownFileType = text.plist.entitlements; path = App.entitlements; sourceTree = "<group>"; };
/* End PBXFileReference section */

/* Begin PBXFrameworksBuildPhase section */
		5C24F64925EC08EB00543CDD /* Frameworks */ = {
			isa = PBXFrameworksBuildPhase;
			buildActionMask = 2147483647;
			files = (
				5C9BA52425EDFC7E002FD971 /* Mixtapes in Frameworks */,
			);
			runOnlyForDeploymentPostprocessing = 0;
		};
/* End PBXFrameworksBuildPhase section */

/* Begin PBXGroup section */
		5C24F64325EC08EB00543CDD = {
			isa = PBXGroup;
			children = (
				5C24F64E25EC08EB00543CDD /* MixtapesApp */,
				5C24F64D25EC08EB00543CDD /* Products */,
				5C9BA51C25EDFB4C002FD971 /* Frameworks */,
			);
			sourceTree = "<group>";
		};
		5C24F64D25EC08EB00543CDD /* Products */ = {
			isa = PBXGroup;
			children = (
				5C24F64C25EC08EB00543CDD /* Mixtapes.app */,
			);
			name = Products;
			sourceTree = "<group>";
		};
		5C24F64E25EC08EB00543CDD /* MixtapesApp */ = {
			isa = PBXGroup;
			children = (
				5CDFB31725EC09F3009158ED /* App.entitlements */,
				5C24F64F25EC08EB00543CDD /* App.swift */,
				5C24F65325EC08EC00543CDD /* Assets.xcassets */,
				5C24F65125EC08EB00543CDD /* ContentView.swift */,
				5CD76E6925EE090D00D65799 /* SwiftUI */,
				5C24F65825EC08EC00543CDD /* Info.plist */,
			);
			path = MixtapesApp;
			sourceTree = "<group>";
		};
		5C9BA51C25EDFB4C002FD971 /* Frameworks */ = {
			isa = PBXGroup;
			children = (
			);
			name = Frameworks;
			sourceTree = "<group>";
		};
		5CD76E6925EE090D00D65799 /* SwiftUI */ = {
			isa = PBXGroup;
			children = (
				5C7728F825EFEC0E00F4B9A2 /* Color.swift */,
				5CD76E6A25EE092300D65799 /* Font.swift */,
				5C0B11A425EF3924001968C4 /* Gaegu.ttf */,
				5CA52FAA25F10E6F006F6458 /* WindowGroup.swift */,
			);
			path = SwiftUI;
			sourceTree = "<group>";
		};
/* End PBXGroup section */

/* Begin PBXNativeTarget section */
		5C24F64B25EC08EB00543CDD /* MixtapesApp */ = {
			isa = PBXNativeTarget;
			buildConfigurationList = 5C24F65B25EC08EC00543CDD /* Build configuration list for PBXNativeTarget "MixtapesApp" */;
			buildPhases = (
				5C24F64825EC08EB00543CDD /* Sources */,
				5C24F64925EC08EB00543CDD /* Frameworks */,
				5C24F64A25EC08EB00543CDD /* Resources */,
				5CDFB31B25EC0AC9009158ED /* Set Build Number */,
			);
			buildRules = (
			);
			dependencies = (
			);
			name = MixtapesApp;
			packageProductDependencies = (
				5C9BA52325EDFC7E002FD971 /* Mixtapes */,
			);
			productName = MixtapesApp;
			productReference = 5C24F64C25EC08EB00543CDD /* Mixtapes.app */;
			productType = "com.apple.product-type.application";
		};
/* End PBXNativeTarget section */

/* Begin PBXProject section */
		5C24F64425EC08EB00543CDD /* Project object */ = {
			isa = PBXProject;
			attributes = {
				LastSwiftUpdateCheck = 1240;
				LastUpgradeCheck = 1240;
				TargetAttributes = {
					5C24F64B25EC08EB00543CDD = {
						CreatedOnToolsVersion = 12.4;
					};
				};
			};
			buildConfigurationList = 5C24F64725EC08EB00543CDD /* Build configuration list for PBXProject "MixtapesApp" */;
			compatibilityVersion = "Xcode 9.3";
			developmentRegion = en;
			hasScannedForEncodings = 0;
			knownRegions = (
				en,
				Base,
			);
			mainGroup = 5C24F64325EC08EB00543CDD;
			productRefGroup = 5C24F64D25EC08EB00543CDD /* Products */;
			projectDirPath = "";
			projectRoot = "";
			targets = (
				5C24F64B25EC08EB00543CDD /* MixtapesApp */,
			);
		};
/* End PBXProject section */

/* Begin PBXResourcesBuildPhase section */
		5C24F64A25EC08EB00543CDD /* Resources */ = {
			isa = PBXResourcesBuildPhase;
			buildActionMask = 2147483647;
			files = (
				5C0B11A525EF3924001968C4 /* Gaegu.ttf in Resources */,
				5C24F65425EC08EC00543CDD /* Assets.xcassets in Resources */,
			);
			runOnlyForDeploymentPostprocessing = 0;
		};
/* End PBXResourcesBuildPhase section */

/* Begin PBXShellScriptBuildPhase section */
		5CDFB31B25EC0AC9009158ED /* Set Build Number */ = {
			isa = PBXShellScriptBuildPhase;
			buildActionMask = 2147483647;
			files = (
			);
			inputFileListPaths = (
			);
			inputPaths = (
			);
			name = "Set Build Number";
			outputFileListPaths = (
			);
			outputPaths = (
			);
			runOnlyForDeploymentPostprocessing = 0;
			shellPath = /bin/sh;
			shellScript = "build=`$(sh /etc/profile; which git) rev-list --all |wc -l`\n/usr/libexec/PlistBuddy -c \"Set :CFBundleVersion $build\" \"$TARGET_BUILD_DIR/$INFOPLIST_PATH\"\n";
		};
/* End PBXShellScriptBuildPhase section */

/* Begin PBXSourcesBuildPhase section */
		5C24F64825EC08EB00543CDD /* Sources */ = {
			isa = PBXSourcesBuildPhase;
			buildActionMask = 2147483647;
			files = (
				5C24F65225EC08EB00543CDD /* ContentView.swift in Sources */,
				5CA52FAB25F10E6F006F6458 /* WindowGroup.swift in Sources */,
				5C7728F925EFEC0E00F4B9A2 /* Color.swift in Sources */,
				5C24F65025EC08EB00543CDD /* App.swift in Sources */,
				5CD76E6B25EE092300D65799 /* Font.swift in Sources */,
			);
			runOnlyForDeploymentPostprocessing = 0;
		};
/* End PBXSourcesBuildPhase section */

/* Begin XCBuildConfiguration section */
		5C24F65925EC08EC00543CDD /* Debug */ = {
			isa = XCBuildConfiguration;
			buildSettings = {
				ALWAYS_SEARCH_USER_PATHS = NO;
				CLANG_ANALYZER_NONNULL = YES;
				CLANG_ANALYZER_NUMBER_OBJECT_CONVERSION = YES_AGGRESSIVE;
				CLANG_CXX_LANGUAGE_STANDARD = "gnu++14";
				CLANG_CXX_LIBRARY = "libc++";
				CLANG_ENABLE_MODULES = YES;
				CLANG_ENABLE_OBJC_ARC = YES;
				CLANG_ENABLE_OBJC_WEAK = YES;
				CLANG_WARN_BLOCK_CAPTURE_AUTORELEASING = YES;
				CLANG_WARN_BOOL_CONVERSION = YES;
				CLANG_WARN_COMMA = YES;
				CLANG_WARN_CONSTANT_CONVERSION = YES;
				CLANG_WARN_DEPRECATED_OBJC_IMPLEMENTATIONS = YES;
				CLANG_WARN_DIRECT_OBJC_ISA_USAGE = YES_ERROR;
				CLANG_WARN_DOCUMENTATION_COMMENTS = YES;
				CLANG_WARN_EMPTY_BODY = YES;
				CLANG_WARN_ENUM_CONVERSION = YES;
				CLANG_WARN_INFINITE_RECURSION = YES;
				CLANG_WARN_INT_CONVERSION = YES;
				CLANG_WARN_NON_LITERAL_NULL_CONVERSION = YES;
				CLANG_WARN_OBJC_IMPLICIT_RETAIN_SELF = YES;
				CLANG_WARN_OBJC_LITERAL_CONVERSION = YES;
				CLANG_WARN_OBJC_ROOT_CLASS = YES_ERROR;
				CLANG_WARN_QUOTED_INCLUDE_IN_FRAMEWORK_HEADER = YES;
				CLANG_WARN_RANGE_LOOP_ANALYSIS = YES;
				CLANG_WARN_STRICT_PROTOTYPES = YES;
				CLANG_WARN_SUSPICIOUS_MOVE = YES;
				CLANG_WARN_UNGUARDED_AVAILABILITY = YES_AGGRESSIVE;
				CLANG_WARN_UNREACHABLE_CODE = YES;
				CLANG_WARN__DUPLICATE_METHOD_MATCH = YES;
				COPY_PHASE_STRIP = NO;
				DEBUG_INFORMATION_FORMAT = dwarf;
				ENABLE_STRICT_OBJC_MSGSEND = YES;
				ENABLE_TESTABILITY = YES;
				GCC_C_LANGUAGE_STANDARD = gnu11;
				GCC_DYNAMIC_NO_PIC = NO;
				GCC_NO_COMMON_BLOCKS = YES;
				GCC_OPTIMIZATION_LEVEL = 0;
				GCC_PREPROCESSOR_DEFINITIONS = (
					"DEBUG=1",
					"$(inherited)",
				);
				GCC_WARN_64_TO_32_BIT_CONVERSION = YES;
				GCC_WARN_ABOUT_RETURN_TYPE = YES_ERROR;
				GCC_WARN_UNDECLARED_SELECTOR = YES;
				GCC_WARN_UNINITIALIZED_AUTOS = YES_AGGRESSIVE;
				GCC_WARN_UNUSED_FUNCTION = YES;
				GCC_WARN_UNUSED_VARIABLE = YES;
				IPHONEOS_DEPLOYMENT_TARGET = 14.4;
				MTL_ENABLE_DEBUG_INFO = INCLUDE_SOURCE;
				MTL_FAST_MATH = YES;
				ONLY_ACTIVE_ARCH = YES;
				SDKROOT = iphoneos;
				SWIFT_ACTIVE_COMPILATION_CONDITIONS = DEBUG;
				SWIFT_OPTIMIZATION_LEVEL = "-Onone";
			};
			name = Debug;
		};
		5C24F65A25EC08EC00543CDD /* Release */ = {
			isa = XCBuildConfiguration;
			buildSettings = {
				ALWAYS_SEARCH_USER_PATHS = NO;
				CLANG_ANALYZER_NONNULL = YES;
				CLANG_ANALYZER_NUMBER_OBJECT_CONVERSION = YES_AGGRESSIVE;
				CLANG_CXX_LANGUAGE_STANDARD = "gnu++14";
				CLANG_CXX_LIBRARY = "libc++";
				CLANG_ENABLE_MODULES = YES;
				CLANG_ENABLE_OBJC_ARC = YES;
				CLANG_ENABLE_OBJC_WEAK = YES;
				CLANG_WARN_BLOCK_CAPTURE_AUTORELEASING = YES;
				CLANG_WARN_BOOL_CONVERSION = YES;
				CLANG_WARN_COMMA = YES;
				CLANG_WARN_CONSTANT_CONVERSION = YES;
				CLANG_WARN_DEPRECATED_OBJC_IMPLEMENTATIONS = YES;
				CLANG_WARN_DIRECT_OBJC_ISA_USAGE = YES_ERROR;
				CLANG_WARN_DOCUMENTATION_COMMENTS = YES;
				CLANG_WARN_EMPTY_BODY = YES;
				CLANG_WARN_ENUM_CONVERSION = YES;
				CLANG_WARN_INFINITE_RECURSION = YES;
				CLANG_WARN_INT_CONVERSION = YES;
				CLANG_WARN_NON_LITERAL_NULL_CONVERSION = YES;
				CLANG_WARN_OBJC_IMPLICIT_RETAIN_SELF = YES;
				CLANG_WARN_OBJC_LITERAL_CONVERSION = YES;
				CLANG_WARN_OBJC_ROOT_CLASS = YES_ERROR;
				CLANG_WARN_QUOTED_INCLUDE_IN_FRAMEWORK_HEADER = YES;
				CLANG_WARN_RANGE_LOOP_ANALYSIS = YES;
				CLANG_WARN_STRICT_PROTOTYPES = YES;
				CLANG_WARN_SUSPICIOUS_MOVE = YES;
				CLANG_WARN_UNGUARDED_AVAILABILITY = YES_AGGRESSIVE;
				CLANG_WARN_UNREACHABLE_CODE = YES;
				CLANG_WARN__DUPLICATE_METHOD_MATCH = YES;
				COPY_PHASE_STRIP = NO;
				DEBUG_INFORMATION_FORMAT = "dwarf-with-dsym";
				ENABLE_NS_ASSERTIONS = NO;
				ENABLE_STRICT_OBJC_MSGSEND = YES;
				GCC_C_LANGUAGE_STANDARD = gnu11;
				GCC_NO_COMMON_BLOCKS = YES;
				GCC_WARN_64_TO_32_BIT_CONVERSION = YES;
				GCC_WARN_ABOUT_RETURN_TYPE = YES_ERROR;
				GCC_WARN_UNDECLARED_SELECTOR = YES;
				GCC_WARN_UNINITIALIZED_AUTOS = YES_AGGRESSIVE;
				GCC_WARN_UNUSED_FUNCTION = YES;
				GCC_WARN_UNUSED_VARIABLE = YES;
				IPHONEOS_DEPLOYMENT_TARGET = 14.4;
				MTL_ENABLE_DEBUG_INFO = NO;
				MTL_FAST_MATH = YES;
				SDKROOT = iphoneos;
				SWIFT_COMPILATION_MODE = wholemodule;
				SWIFT_OPTIMIZATION_LEVEL = "-O";
				VALIDATE_PRODUCT = YES;
			};
			name = Release;
		};
		5C24F65C25EC08EC00543CDD /* Debug */ = {
			isa = XCBuildConfiguration;
			buildSettings = {
				ASSETCATALOG_COMPILER_APPICON_NAME = AppIcon;
				ASSETCATALOG_COMPILER_GLOBAL_ACCENT_COLOR_NAME = AccentColor;
				CODE_SIGN_ENTITLEMENTS = MixtapesApp/App.entitlements;
				CODE_SIGN_STYLE = Automatic;
				CURRENT_PROJECT_VERSION = 1;
				DEVELOPMENT_ASSET_PATHS = "";
				DEVELOPMENT_TEAM = 9Q3DL72K7D;
				ENABLE_PREVIEWS = YES;
				INFOPLIST_FILE = MixtapesApp/Info.plist;
				IPHONEOS_DEPLOYMENT_TARGET = 14.0;
				LD_RUNPATH_SEARCH_PATHS = (
					"$(inherited)",
					"@executable_path/Frameworks",
				);
				PRODUCT_BUNDLE_IDENTIFIER = com.toddheasley.mixtapes;
				PRODUCT_MODULE_NAME = "$(PRODUCT_NAME:c99extidentifier)App";
				PRODUCT_NAME = Mixtapes;
				SUPPORTS_MACCATALYST = YES;
				SWIFT_VERSION = 5.0;
				TARGETED_DEVICE_FAMILY = "1,2,6";
			};
			name = Debug;
		};
		5C24F65D25EC08EC00543CDD /* Release */ = {
			isa = XCBuildConfiguration;
			buildSettings = {
				ASSETCATALOG_COMPILER_APPICON_NAME = AppIcon;
				ASSETCATALOG_COMPILER_GLOBAL_ACCENT_COLOR_NAME = AccentColor;
				CODE_SIGN_ENTITLEMENTS = MixtapesApp/App.entitlements;
				CODE_SIGN_STYLE = Automatic;
				CURRENT_PROJECT_VERSION = 1;
				DEVELOPMENT_ASSET_PATHS = "";
				DEVELOPMENT_TEAM = 9Q3DL72K7D;
				ENABLE_PREVIEWS = YES;
				INFOPLIST_FILE = MixtapesApp/Info.plist;
				IPHONEOS_DEPLOYMENT_TARGET = 14.0;
				LD_RUNPATH_SEARCH_PATHS = (
					"$(inherited)",
					"@executable_path/Frameworks",
				);
				PRODUCT_BUNDLE_IDENTIFIER = com.toddheasley.mixtapes;
				PRODUCT_MODULE_NAME = "$(PRODUCT_NAME:c99extidentifier)App";
				PRODUCT_NAME = Mixtapes;
				SUPPORTS_MACCATALYST = YES;
				SWIFT_VERSION = 5.0;
				TARGETED_DEVICE_FAMILY = "1,2,6";
			};
			name = Release;
		};
/* End XCBuildConfiguration section */

/* Begin XCConfigurationList section */
		5C24F64725EC08EB00543CDD /* Build configuration list for PBXProject "MixtapesApp" */ = {
			isa = XCConfigurationList;
			buildConfigurations = (
				5C24F65925EC08EC00543CDD /* Debug */,
				5C24F65A25EC08EC00543CDD /* Release */,
			);
			defaultConfigurationIsVisible = 0;
			defaultConfigurationName = Release;
		};
		5C24F65B25EC08EC00543CDD /* Build configuration list for PBXNativeTarget "MixtapesApp" */ = {
			isa = XCConfigurationList;
			buildConfigurations = (
				5C24F65C25EC08EC00543CDD /* Debug */,
				5C24F65D25EC08EC00543CDD /* Release */,
			);
			defaultConfigurationIsVisible = 0;
			defaultConfigurationName = Release;
		};
/* End XCConfigurationList section */

/* Begin XCSwiftPackageProductDependency section */
		5C9BA52325EDFC7E002FD971 /* Mixtapes */ = {
			isa = XCSwiftPackageProductDependency;
			productName = Mixtapes;
		};
/* End XCSwiftPackageProductDependency section */
	};
	rootObject = 5C24F64425EC08EB00543CDD /* Project object */;
}
